// !$*UTF8*$!
{
	archiveVersion = 1;
	classes = {
	};
	objectVersion = 55;
	objects = {

/* Begin PBXBuildFile section */
		63550840289E9D3600AD1B70 /* SFSymbols.xcassets in Resources */ = {isa = PBXBuildFile; fileRef = 6355083F289E9D3600AD1B70 /* SFSymbols.xcassets */; };
		6359A9C2289F9BE1006A6DF5 /* ExtensionUILabel.swift in Sources */ = {isa = PBXBuildFile; fileRef = 6359A9C1289F9BE1006A6DF5 /* ExtensionUILabel.swift */; };
		6359A9C728A0297F006A6DF5 /* RecordsCareTaker.swift in Sources */ = {isa = PBXBuildFile; fileRef = 6359A9C628A0297F006A6DF5 /* RecordsCareTaker.swift */; };
		6359A9CC28A0303F006A6DF5 /* RecordCell.swift in Sources */ = {isa = PBXBuildFile; fileRef = 6359A9CA28A0303F006A6DF5 /* RecordCell.swift */; };
		6359A9CD28A0303F006A6DF5 /* RecordCell.xib in Resources */ = {isa = PBXBuildFile; fileRef = 6359A9CB28A0303F006A6DF5 /* RecordCell.xib */; };
		6359A9D228A21018006A6DF5 /* ContainerMenuController.swift in Sources */ = {isa = PBXBuildFile; fileRef = 6359A9D128A21018006A6DF5 /* ContainerMenuController.swift */; };
		6359A9D728A2C4D9006A6DF5 /* SettingsSceneViewController.swift in Sources */ = {isa = PBXBuildFile; fileRef = 6359A9D628A2C4D9006A6DF5 /* SettingsSceneViewController.swift */; };
		63690931289D8AD300224CF6 /* MenuTitle.swift in Sources */ = {isa = PBXBuildFile; fileRef = 63690930289D8AD300224CF6 /* MenuTitle.swift */; };
		63690934289D8E1F00224CF6 /* RecordsViewController.swift in Sources */ = {isa = PBXBuildFile; fileRef = 63690933289D8E1F00224CF6 /* RecordsViewController.swift */; };
		63690938289D908D00224CF6 /* Game.swift in Sources */ = {isa = PBXBuildFile; fileRef = 63690937289D908D00224CF6 /* Game.swift */; };
		6369093A289D90E300224CF6 /* GameSession.swift in Sources */ = {isa = PBXBuildFile; fileRef = 63690939289D90E300224CF6 /* GameSession.swift */; };
		6369093E289D960100224CF6 /* QuestionsModel.swift in Sources */ = {isa = PBXBuildFile; fileRef = 6369093D289D960100224CF6 /* QuestionsModel.swift */; };
		63690941289D984700224CF6 /* GameService.swift in Sources */ = {isa = PBXBuildFile; fileRef = 63690940289D984700224CF6 /* GameService.swift */; };
		638149AA28A589C10052B5F8 /* DifficultyLevel.swift in Sources */ = {isa = PBXBuildFile; fileRef = 638149A928A589C10052B5F8 /* DifficultyLevel.swift */; };
		63D2F53E289B756C009C3EC2 /* AppDelegate.swift in Sources */ = {isa = PBXBuildFile; fileRef = 63D2F53D289B756C009C3EC2 /* AppDelegate.swift */; };
		63D2F540289B756C009C3EC2 /* SceneDelegate.swift in Sources */ = {isa = PBXBuildFile; fileRef = 63D2F53F289B756C009C3EC2 /* SceneDelegate.swift */; };
		63D2F542289B756C009C3EC2 /* MainMenuViewController.swift in Sources */ = {isa = PBXBuildFile; fileRef = 63D2F541289B756C009C3EC2 /* MainMenuViewController.swift */; };
		63D2F545289B756C009C3EC2 /* Main.storyboard in Resources */ = {isa = PBXBuildFile; fileRef = 63D2F543289B756C009C3EC2 /* Main.storyboard */; };
		63D2F547289B7570009C3EC2 /* Assets.xcassets in Resources */ = {isa = PBXBuildFile; fileRef = 63D2F546289B7570009C3EC2 /* Assets.xcassets */; };
		63D2F54A289B7570009C3EC2 /* LaunchScreen.storyboard in Resources */ = {isa = PBXBuildFile; fileRef = 63D2F548289B7570009C3EC2 /* LaunchScreen.storyboard */; };
		63D2F55A289B81C6009C3EC2 /* AppCollor.xcassets in Resources */ = {isa = PBXBuildFile; fileRef = 63D2F559289B81C6009C3EC2 /* AppCollor.xcassets */; };
		63D2F55D289B820B009C3EC2 /* Image.xcassets in Resources */ = {isa = PBXBuildFile; fileRef = 63D2F55C289B820B009C3EC2 /* Image.xcassets */; };
		63D2F560289CD219009C3EC2 /* GameSceneViewController.swift in Sources */ = {isa = PBXBuildFile; fileRef = 63D2F55F289CD219009C3EC2 /* GameSceneViewController.swift */; };
		63D2F563289D8187009C3EC2 /* ColorScheme.swift in Sources */ = {isa = PBXBuildFile; fileRef = 63D2F562289D8187009C3EC2 /* ColorScheme.swift */; };
/* End PBXBuildFile section */

/* Begin PBXFileReference section */
		6355083F289E9D3600AD1B70 /* SFSymbols.xcassets */ = {isa = PBXFileReference; lastKnownFileType = folder.assetcatalog; path = SFSymbols.xcassets; sourceTree = "<group>"; };
		6359A9C1289F9BE1006A6DF5 /* ExtensionUILabel.swift */ = {isa = PBXFileReference; lastKnownFileType = sourcecode.swift; path = ExtensionUILabel.swift; sourceTree = "<group>"; };
		6359A9C628A0297F006A6DF5 /* RecordsCareTaker.swift */ = {isa = PBXFileReference; lastKnownFileType = sourcecode.swift; path = RecordsCareTaker.swift; sourceTree = "<group>"; };
		6359A9CA28A0303F006A6DF5 /* RecordCell.swift */ = {isa = PBXFileReference; lastKnownFileType = sourcecode.swift; path = RecordCell.swift; sourceTree = "<group>"; };
		6359A9CB28A0303F006A6DF5 /* RecordCell.xib */ = {isa = PBXFileReference; lastKnownFileType = file.xib; path = RecordCell.xib; sourceTree = "<group>"; };
		6359A9D128A21018006A6DF5 /* ContainerMenuController.swift */ = {isa = PBXFileReference; lastKnownFileType = sourcecode.swift; path = ContainerMenuController.swift; sourceTree = "<group>"; };
		6359A9D628A2C4D9006A6DF5 /* SettingsSceneViewController.swift */ = {isa = PBXFileReference; lastKnownFileType = sourcecode.swift; path = SettingsSceneViewController.swift; sourceTree = "<group>"; };
		63690930289D8AD300224CF6 /* MenuTitle.swift */ = {isa = PBXFileReference; lastKnownFileType = sourcecode.swift; path = MenuTitle.swift; sourceTree = "<group>"; };
		63690933289D8E1F00224CF6 /* RecordsViewController.swift */ = {isa = PBXFileReference; lastKnownFileType = sourcecode.swift; path = RecordsViewController.swift; sourceTree = "<group>"; };
		63690937289D908D00224CF6 /* Game.swift */ = {isa = PBXFileReference; lastKnownFileType = sourcecode.swift; path = Game.swift; sourceTree = "<group>"; };
		63690939289D90E300224CF6 /* GameSession.swift */ = {isa = PBXFileReference; lastKnownFileType = sourcecode.swift; path = GameSession.swift; sourceTree = "<group>"; };
		6369093D289D960100224CF6 /* QuestionsModel.swift */ = {isa = PBXFileReference; lastKnownFileType = sourcecode.swift; path = QuestionsModel.swift; sourceTree = "<group>"; };
		63690940289D984700224CF6 /* GameService.swift */ = {isa = PBXFileReference; lastKnownFileType = sourcecode.swift; path = GameService.swift; sourceTree = "<group>"; };
		638149A928A589C10052B5F8 /* DifficultyLevel.swift */ = {isa = PBXFileReference; lastKnownFileType = sourcecode.swift; path = DifficultyLevel.swift; sourceTree = "<group>"; };
		63D2F53A289B756C009C3EC2 /* Millionaire.app */ = {isa = PBXFileReference; explicitFileType = wrapper.application; includeInIndex = 0; path = Millionaire.app; sourceTree = BUILT_PRODUCTS_DIR; };
		63D2F53D289B756C009C3EC2 /* AppDelegate.swift */ = {isa = PBXFileReference; lastKnownFileType = sourcecode.swift; path = AppDelegate.swift; sourceTree = "<group>"; };
		63D2F53F289B756C009C3EC2 /* SceneDelegate.swift */ = {isa = PBXFileReference; lastKnownFileType = sourcecode.swift; path = SceneDelegate.swift; sourceTree = "<group>"; };
		63D2F541289B756C009C3EC2 /* MainMenuViewController.swift */ = {isa = PBXFileReference; lastKnownFileType = sourcecode.swift; path = MainMenuViewController.swift; sourceTree = "<group>"; };
		63D2F544289B756C009C3EC2 /* Base */ = {isa = PBXFileReference; lastKnownFileType = file.storyboard; name = Base; path = Base.lproj/Main.storyboard; sourceTree = "<group>"; };
		63D2F546289B7570009C3EC2 /* Assets.xcassets */ = {isa = PBXFileReference; lastKnownFileType = folder.assetcatalog; path = Assets.xcassets; sourceTree = "<group>"; };
		63D2F549289B7570009C3EC2 /* Base */ = {isa = PBXFileReference; lastKnownFileType = file.storyboard; name = Base; path = Base.lproj/LaunchScreen.storyboard; sourceTree = "<group>"; };
		63D2F54B289B7570009C3EC2 /* Info.plist */ = {isa = PBXFileReference; lastKnownFileType = text.plist.xml; path = Info.plist; sourceTree = "<group>"; };
		63D2F559289B81C6009C3EC2 /* AppCollor.xcassets */ = {isa = PBXFileReference; lastKnownFileType = folder.assetcatalog; path = AppCollor.xcassets; sourceTree = "<group>"; };
		63D2F55C289B820B009C3EC2 /* Image.xcassets */ = {isa = PBXFileReference; lastKnownFileType = folder.assetcatalog; path = Image.xcassets; sourceTree = "<group>"; };
		63D2F55F289CD219009C3EC2 /* GameSceneViewController.swift */ = {isa = PBXFileReference; lastKnownFileType = sourcecode.swift; path = GameSceneViewController.swift; sourceTree = "<group>"; };
		63D2F562289D8187009C3EC2 /* ColorScheme.swift */ = {isa = PBXFileReference; lastKnownFileType = sourcecode.swift; path = ColorScheme.swift; sourceTree = "<group>"; };
/* End PBXFileReference section */

/* Begin PBXFrameworksBuildPhase section */
		63D2F537289B756C009C3EC2 /* Frameworks */ = {
			isa = PBXFrameworksBuildPhase;
			buildActionMask = 2147483647;
			files = (
			);
			runOnlyForDeploymentPostprocessing = 0;
		};
/* End PBXFrameworksBuildPhase section */

/* Begin PBXGroup section */
		6355083E289E9CAE00AD1B70 /* CustomSFSimbols */ = {
			isa = PBXGroup;
			children = (
				6355083F289E9D3600AD1B70 /* SFSymbols.xcassets */,
			);
			path = CustomSFSimbols;
			sourceTree = "<group>";
		};
		6359A9C0289F9BCD006A6DF5 /* Helpers */ = {
			isa = PBXGroup;
			children = (
				6359A9C1289F9BE1006A6DF5 /* ExtensionUILabel.swift */,
			);
			path = Helpers;
			sourceTree = "<group>";
		};
		6359A9C828A02FAA006A6DF5 /* RecordsSceneViewController */ = {
			isa = PBXGroup;
			children = (
				63690933289D8E1F00224CF6 /* RecordsViewController.swift */,
			);
			path = RecordsSceneViewController;
			sourceTree = "<group>";
		};
		6359A9C928A03009006A6DF5 /* RecordCell */ = {
			isa = PBXGroup;
			children = (
				6359A9CA28A0303F006A6DF5 /* RecordCell.swift */,
				6359A9CB28A0303F006A6DF5 /* RecordCell.xib */,
			);
			path = RecordCell;
			sourceTree = "<group>";
		};
		6359A9D028A20FD0006A6DF5 /* ContainerMenuController */ = {
			isa = PBXGroup;
			children = (
				6359A9D128A21018006A6DF5 /* ContainerMenuController.swift */,
			);
			path = ContainerMenuController;
			sourceTree = "<group>";
		};
		6359A9D528A2C4B7006A6DF5 /* SettingsScene */ = {
			isa = PBXGroup;
			children = (
				6359A9D828A2C4DF006A6DF5 /* SettinsSceneView */,
			);
			path = SettingsScene;
			sourceTree = "<group>";
		};
		6359A9D828A2C4DF006A6DF5 /* SettinsSceneView */ = {
			isa = PBXGroup;
			children = (
				6359A9D628A2C4D9006A6DF5 /* SettingsSceneViewController.swift */,
			);
			path = SettinsSceneView;
			sourceTree = "<group>";
		};
		6369092F289D8ABD00224CF6 /* Model */ = {
			isa = PBXGroup;
			children = (
				63690930289D8AD300224CF6 /* MenuTitle.swift */,
				638149A928A589C10052B5F8 /* DifficultyLevel.swift */,
			);
			path = Model;
			sourceTree = "<group>";
		};
		63690932289D8DFA00224CF6 /* RecordsScene */ = {
			isa = PBXGroup;
			children = (
				6359A9C928A03009006A6DF5 /* RecordCell */,
				6359A9C828A02FAA006A6DF5 /* RecordsSceneViewController */,
			);
			path = RecordsScene;
			sourceTree = "<group>";
		};
		63690935289D906200224CF6 /* Game */ = {
			isa = PBXGroup;
			children = (
				63690937289D908D00224CF6 /* Game.swift */,
				6359A9C628A0297F006A6DF5 /* RecordsCareTaker.swift */,
			);
			path = Game;
			sourceTree = "<group>";
		};
		63690936289D906F00224CF6 /* GameSession */ = {
			isa = PBXGroup;
			children = (
				63690939289D90E300224CF6 /* GameSession.swift */,
			);
			path = GameSession;
			sourceTree = "<group>";
		};
		6369093B289D95A700224CF6 /* GameSceneViewController */ = {
			isa = PBXGroup;
			children = (
				63D2F55F289CD219009C3EC2 /* GameSceneViewController.swift */,
			);
			path = GameSceneViewController;
			sourceTree = "<group>";
		};
		6369093C289D95B700224CF6 /* Model */ = {
			isa = PBXGroup;
			children = (
				6369093D289D960100224CF6 /* QuestionsModel.swift */,
			);
			path = Model;
			sourceTree = "<group>";
		};
		6369093F289D983100224CF6 /* GameService */ = {
			isa = PBXGroup;
			children = (
				63690940289D984700224CF6 /* GameService.swift */,
			);
			path = GameService;
			sourceTree = "<group>";
		};
		63D2F531289B756C009C3EC2 = {
			isa = PBXGroup;
			children = (
				63D2F53C289B756C009C3EC2 /* Millionaire */,
				63D2F53B289B756C009C3EC2 /* Products */,
			);
			sourceTree = "<group>";
		};
		63D2F53B289B756C009C3EC2 /* Products */ = {
			isa = PBXGroup;
			children = (
				63D2F53A289B756C009C3EC2 /* Millionaire.app */,
			);
			name = Products;
			sourceTree = "<group>";
		};
		63D2F53C289B756C009C3EC2 /* Millionaire */ = {
			isa = PBXGroup;
			children = (
				6359A9D028A20FD0006A6DF5 /* ContainerMenuController */,
				63690932289D8DFA00224CF6 /* RecordsScene */,
				63D2F55E289CD1D9009C3EC2 /* GameScene */,
				63D2F553289B75AE009C3EC2 /* MainMenuScene */,
				6359A9D528A2C4B7006A6DF5 /* SettingsScene */,
				63D2F552289B759E009C3EC2 /* Assets */,
				63D2F551289B757B009C3EC2 /* Resourses */,
				63D2F54B289B7570009C3EC2 /* Info.plist */,
			);
			path = Millionaire;
			sourceTree = "<group>";
		};
		63D2F551289B757B009C3EC2 /* Resourses */ = {
			isa = PBXGroup;
			children = (
				6359A9C0289F9BCD006A6DF5 /* Helpers */,
				63690936289D906F00224CF6 /* GameSession */,
				63690935289D906200224CF6 /* Game */,
				63D2F53D289B756C009C3EC2 /* AppDelegate.swift */,
				63D2F53F289B756C009C3EC2 /* SceneDelegate.swift */,
				63D2F543289B756C009C3EC2 /* Main.storyboard */,
				63D2F548289B7570009C3EC2 /* LaunchScreen.storyboard */,
				63D2F562289D8187009C3EC2 /* ColorScheme.swift */,
			);
			path = Resourses;
			sourceTree = "<group>";
		};
		63D2F552289B759E009C3EC2 /* Assets */ = {
			isa = PBXGroup;
			children = (
				6355083E289E9CAE00AD1B70 /* CustomSFSimbols */,
				63D2F558289B8166009C3EC2 /* AppCollor */,
				63D2F555289B7650009C3EC2 /* Image */,
				63D2F546289B7570009C3EC2 /* Assets.xcassets */,
			);
			path = Assets;
			sourceTree = "<group>";
		};
		63D2F553289B75AE009C3EC2 /* MainMenuScene */ = {
			isa = PBXGroup;
			children = (
				6369092F289D8ABD00224CF6 /* Model */,
				63D2F554289B75C6009C3EC2 /* MainMenuViewController */,
			);
			path = MainMenuScene;
			sourceTree = "<group>";
		};
		63D2F554289B75C6009C3EC2 /* MainMenuViewController */ = {
			isa = PBXGroup;
			children = (
				63D2F541289B756C009C3EC2 /* MainMenuViewController.swift */,
			);
			path = MainMenuViewController;
			sourceTree = "<group>";
		};
		63D2F555289B7650009C3EC2 /* Image */ = {
			isa = PBXGroup;
			children = (
				63D2F55C289B820B009C3EC2 /* Image.xcassets */,
			);
			path = Image;
			sourceTree = "<group>";
		};
		63D2F558289B8166009C3EC2 /* AppCollor */ = {
			isa = PBXGroup;
			children = (
				63D2F559289B81C6009C3EC2 /* AppCollor.xcassets */,
			);
			path = AppCollor;
			sourceTree = "<group>";
		};
		63D2F55E289CD1D9009C3EC2 /* GameScene */ = {
			isa = PBXGroup;
			children = (
				6369093F289D983100224CF6 /* GameService */,
				6369093C289D95B700224CF6 /* Model */,
				6369093B289D95A700224CF6 /* GameSceneViewController */,
			);
			path = GameScene;
			sourceTree = "<group>";
		};
/* End PBXGroup section */

/* Begin PBXNativeTarget section */
		63D2F539289B756C009C3EC2 /* Millionaire */ = {
			isa = PBXNativeTarget;
			buildConfigurationList = 63D2F54E289B7570009C3EC2 /* Build configuration list for PBXNativeTarget "Millionaire" */;
			buildPhases = (
				63D2F536289B756C009C3EC2 /* Sources */,
				63D2F537289B756C009C3EC2 /* Frameworks */,
				63D2F538289B756C009C3EC2 /* Resources */,
			);
			buildRules = (
			);
			dependencies = (
			);
			name = Millionaire;
			productName = Millionaire;
			productReference = 63D2F53A289B756C009C3EC2 /* Millionaire.app */;
			productType = "com.apple.product-type.application";
		};
/* End PBXNativeTarget section */

/* Begin PBXProject section */
		63D2F532289B756C009C3EC2 /* Project object */ = {
			isa = PBXProject;
			attributes = {
				BuildIndependentTargetsInParallel = 1;
				LastSwiftUpdateCheck = 1340;
				LastUpgradeCheck = 1340;
				TargetAttributes = {
					63D2F539289B756C009C3EC2 = {
						CreatedOnToolsVersion = 13.4.1;
					};
				};
			};
			buildConfigurationList = 63D2F535289B756C009C3EC2 /* Build configuration list for PBXProject "Millionaire" */;
			compatibilityVersion = "Xcode 13.0";
			developmentRegion = en;
			hasScannedForEncodings = 0;
			knownRegions = (
				en,
				Base,
			);
			mainGroup = 63D2F531289B756C009C3EC2;
			productRefGroup = 63D2F53B289B756C009C3EC2 /* Products */;
			projectDirPath = "";
			projectRoot = "";
			targets = (
				63D2F539289B756C009C3EC2 /* Millionaire */,
			);
		};
/* End PBXProject section */

/* Begin PBXResourcesBuildPhase section */
		63D2F538289B756C009C3EC2 /* Resources */ = {
			isa = PBXResourcesBuildPhase;
			buildActionMask = 2147483647;
			files = (
				63550840289E9D3600AD1B70 /* SFSymbols.xcassets in Resources */,
				63D2F55A289B81C6009C3EC2 /* AppCollor.xcassets in Resources */,
				63D2F55D289B820B009C3EC2 /* Image.xcassets in Resources */,
				63D2F54A289B7570009C3EC2 /* LaunchScreen.storyboard in Resources */,
				63D2F547289B7570009C3EC2 /* Assets.xcassets in Resources */,
				63D2F545289B756C009C3EC2 /* Main.storyboard in Resources */,
				6359A9CD28A0303F006A6DF5 /* RecordCell.xib in Resources */,
			);
			runOnlyForDeploymentPostprocessing = 0;
		};
/* End PBXResourcesBuildPhase section */

/* Begin PBXSourcesBuildPhase section */
		63D2F536289B756C009C3EC2 /* Sources */ = {
			isa = PBXSourcesBuildPhase;
			buildActionMask = 2147483647;
			files = (
				63690941289D984700224CF6 /* GameService.swift in Sources */,
				6359A9D228A21018006A6DF5 /* ContainerMenuController.swift in Sources */,
				63D2F542289B756C009C3EC2 /* MainMenuViewController.swift in Sources */,
				6359A9C728A0297F006A6DF5 /* RecordsCareTaker.swift in Sources */,
				6369093E289D960100224CF6 /* QuestionsModel.swift in Sources */,
				63690934289D8E1F00224CF6 /* RecordsViewController.swift in Sources */,
				63D2F563289D8187009C3EC2 /* ColorScheme.swift in Sources */,
				63D2F53E289B756C009C3EC2 /* AppDelegate.swift in Sources */,
				63D2F540289B756C009C3EC2 /* SceneDelegate.swift in Sources */,
				63D2F560289CD219009C3EC2 /* GameSceneViewController.swift in Sources */,
				6359A9C2289F9BE1006A6DF5 /* ExtensionUILabel.swift in Sources */,
				6359A9CC28A0303F006A6DF5 /* RecordCell.swift in Sources */,
				63690931289D8AD300224CF6 /* MenuTitle.swift in Sources */,
				6369093A289D90E300224CF6 /* GameSession.swift in Sources */,
				638149AA28A589C10052B5F8 /* DifficultyLevel.swift in Sources */,
				6359A9D728A2C4D9006A6DF5 /* SettingsSceneViewController.swift in Sources */,
				63690938289D908D00224CF6 /* Game.swift in Sources */,
			);
			runOnlyForDeploymentPostprocessing = 0;
		};
/* End PBXSourcesBuildPhase section */

/* Begin PBXVariantGroup section */
		63D2F543289B756C009C3EC2 /* Main.storyboard */ = {
			isa = PBXVariantGroup;
			children = (
				63D2F544289B756C009C3EC2 /* Base */,
			);
			name = Main.storyboard;
			sourceTree = "<group>";
		};
		63D2F548289B7570009C3EC2 /* LaunchScreen.storyboard */ = {
			isa = PBXVariantGroup;
			children = (
				63D2F549289B7570009C3EC2 /* Base */,
			);
			name = LaunchScreen.storyboard;
			sourceTree = "<group>";
		};
/* End PBXVariantGroup section */

/* Begin XCBuildConfiguration section */
		63D2F54C289B7570009C3EC2 /* Debug */ = {
			isa = XCBuildConfiguration;
			buildSettings = {
				ALWAYS_SEARCH_USER_PATHS = NO;
				CLANG_ANALYZER_NONNULL = YES;
				CLANG_ANALYZER_NUMBER_OBJECT_CONVERSION = YES_AGGRESSIVE;
				CLANG_CXX_LANGUAGE_STANDARD = "gnu++17";
				CLANG_ENABLE_MODULES = YES;
				CLANG_ENABLE_OBJC_ARC = YES;
				CLANG_ENABLE_OBJC_WEAK = YES;
				CLANG_WARN_BLOCK_CAPTURE_AUTORELEASING = YES;
				CLANG_WARN_BOOL_CONVERSION = YES;
				CLANG_WARN_COMMA = YES;
				CLANG_WARN_CONSTANT_CONVERSION = YES;
				CLANG_WARN_DEPRECATED_OBJC_IMPLEMENTATIONS = YES;
				CLANG_WARN_DIRECT_OBJC_ISA_USAGE = YES_ERROR;
				CLANG_WARN_DOCUMENTATION_COMMENTS = YES;
				CLANG_WARN_EMPTY_BODY = YES;
				CLANG_WARN_ENUM_CONVERSION = YES;
				CLANG_WARN_INFINITE_RECURSION = YES;
				CLANG_WARN_INT_CONVERSION = YES;
				CLANG_WARN_NON_LITERAL_NULL_CONVERSION = YES;
				CLANG_WARN_OBJC_IMPLICIT_RETAIN_SELF = YES;
				CLANG_WARN_OBJC_LITERAL_CONVERSION = YES;
				CLANG_WARN_OBJC_ROOT_CLASS = YES_ERROR;
				CLANG_WARN_QUOTED_INCLUDE_IN_FRAMEWORK_HEADER = YES;
				CLANG_WARN_RANGE_LOOP_ANALYSIS = YES;
				CLANG_WARN_STRICT_PROTOTYPES = YES;
				CLANG_WARN_SUSPICIOUS_MOVE = YES;
				CLANG_WARN_UNGUARDED_AVAILABILITY = YES_AGGRESSIVE;
				CLANG_WARN_UNREACHABLE_CODE = YES;
				CLANG_WARN__DUPLICATE_METHOD_MATCH = YES;
				COPY_PHASE_STRIP = NO;
				DEBUG_INFORMATION_FORMAT = dwarf;
				ENABLE_STRICT_OBJC_MSGSEND = YES;
				ENABLE_TESTABILITY = YES;
				GCC_C_LANGUAGE_STANDARD = gnu11;
				GCC_DYNAMIC_NO_PIC = NO;
				GCC_NO_COMMON_BLOCKS = YES;
				GCC_OPTIMIZATION_LEVEL = 0;
				GCC_PREPROCESSOR_DEFINITIONS = (
					"DEBUG=1",
					"$(inherited)",
				);
				GCC_WARN_64_TO_32_BIT_CONVERSION = YES;
				GCC_WARN_ABOUT_RETURN_TYPE = YES_ERROR;
				GCC_WARN_UNDECLARED_SELECTOR = YES;
				GCC_WARN_UNINITIALIZED_AUTOS = YES_AGGRESSIVE;
				GCC_WARN_UNUSED_FUNCTION = YES;
				GCC_WARN_UNUSED_VARIABLE = YES;
				IPHONEOS_DEPLOYMENT_TARGET = 15.5;
				MTL_ENABLE_DEBUG_INFO = INCLUDE_SOURCE;
				MTL_FAST_MATH = YES;
				ONLY_ACTIVE_ARCH = YES;
				SDKROOT = iphoneos;
				SWIFT_ACTIVE_COMPILATION_CONDITIONS = DEBUG;
				SWIFT_OPTIMIZATION_LEVEL = "-Onone";
			};
			name = Debug;
		};
		63D2F54D289B7570009C3EC2 /* Release */ = {
			isa = XCBuildConfiguration;
			buildSettings = {
				ALWAYS_SEARCH_USER_PATHS = NO;
				CLANG_ANALYZER_NONNULL = YES;
				CLANG_ANALYZER_NUMBER_OBJECT_CONVERSION = YES_AGGRESSIVE;
				CLANG_CXX_LANGUAGE_STANDARD = "gnu++17";
				CLANG_ENABLE_MODULES = YES;
				CLANG_ENABLE_OBJC_ARC = YES;
				CLANG_ENABLE_OBJC_WEAK = YES;
				CLANG_WARN_BLOCK_CAPTURE_AUTORELEASING = YES;
				CLANG_WARN_BOOL_CONVERSION = YES;
				CLANG_WARN_COMMA = YES;
				CLANG_WARN_CONSTANT_CONVERSION = YES;
				CLANG_WARN_DEPRECATED_OBJC_IMPLEMENTATIONS = YES;
				CLANG_WARN_DIRECT_OBJC_ISA_USAGE = YES_ERROR;
				CLANG_WARN_DOCUMENTATION_COMMENTS = YES;
				CLANG_WARN_EMPTY_BODY = YES;
				CLANG_WARN_ENUM_CONVERSION = YES;
				CLANG_WARN_INFINITE_RECURSION = YES;
				CLANG_WARN_INT_CONVERSION = YES;
				CLANG_WARN_NON_LITERAL_NULL_CONVERSION = YES;
				CLANG_WARN_OBJC_IMPLICIT_RETAIN_SELF = YES;
				CLANG_WARN_OBJC_LITERAL_CONVERSION = YES;
				CLANG_WARN_OBJC_ROOT_CLASS = YES_ERROR;
				CLANG_WARN_QUOTED_INCLUDE_IN_FRAMEWORK_HEADER = YES;
				CLANG_WARN_RANGE_LOOP_ANALYSIS = YES;
				CLANG_WARN_STRICT_PROTOTYPES = YES;
				CLANG_WARN_SUSPICIOUS_MOVE = YES;
				CLANG_WARN_UNGUARDED_AVAILABILITY = YES_AGGRESSIVE;
				CLANG_WARN_UNREACHABLE_CODE = YES;
				CLANG_WARN__DUPLICATE_METHOD_MATCH = YES;
				COPY_PHASE_STRIP = NO;
				DEBUG_INFORMATION_FORMAT = "dwarf-with-dsym";
				ENABLE_NS_ASSERTIONS = NO;
				ENABLE_STRICT_OBJC_MSGSEND = YES;
				GCC_C_LANGUAGE_STANDARD = gnu11;
				GCC_NO_COMMON_BLOCKS = YES;
				GCC_WARN_64_TO_32_BIT_CONVERSION = YES;
				GCC_WARN_ABOUT_RETURN_TYPE = YES_ERROR;
				GCC_WARN_UNDECLARED_SELECTOR = YES;
				GCC_WARN_UNINITIALIZED_AUTOS = YES_AGGRESSIVE;
				GCC_WARN_UNUSED_FUNCTION = YES;
				GCC_WARN_UNUSED_VARIABLE = YES;
				IPHONEOS_DEPLOYMENT_TARGET = 15.5;
				MTL_ENABLE_DEBUG_INFO = NO;
				MTL_FAST_MATH = YES;
				SDKROOT = iphoneos;
				SWIFT_COMPILATION_MODE = wholemodule;
				SWIFT_OPTIMIZATION_LEVEL = "-O";
				VALIDATE_PRODUCT = YES;
			};
			name = Release;
		};
		63D2F54F289B7570009C3EC2 /* Debug */ = {
			isa = XCBuildConfiguration;
			buildSettings = {
				ASSETCATALOG_COMPILER_APPICON_NAME = AppIcon;
				ASSETCATALOG_COMPILER_GLOBAL_ACCENT_COLOR_NAME = AccentColor;
				CODE_SIGN_STYLE = Automatic;
				CURRENT_PROJECT_VERSION = 1;
				DEVELOPMENT_TEAM = JJYZW38GT4;
				GENERATE_INFOPLIST_FILE = YES;
				INFOPLIST_FILE = Millionaire/Info.plist;
				INFOPLIST_KEY_UIApplicationSupportsIndirectInputEvents = YES;
				INFOPLIST_KEY_UILaunchStoryboardName = LaunchScreen;
				INFOPLIST_KEY_UIMainStoryboardFile = Main;
				INFOPLIST_KEY_UISupportedInterfaceOrientations_iPad = "UIInterfaceOrientationPortrait UIInterfaceOrientationPortraitUpsideDown UIInterfaceOrientationLandscapeLeft UIInterfaceOrientationLandscapeRight";
				INFOPLIST_KEY_UISupportedInterfaceOrientations_iPhone = "UIInterfaceOrientationPortrait UIInterfaceOrientationLandscapeLeft UIInterfaceOrientationLandscapeRight";
				LD_RUNPATH_SEARCH_PATHS = (
					"$(inherited)",
					"@executable_path/Frameworks",
				);
				MARKETING_VERSION = 1.0;
				PRODUCT_BUNDLE_IDENTIFIER = konishchevIvan.Millionaire;
				PRODUCT_NAME = "$(TARGET_NAME)";
				SWIFT_EMIT_LOC_STRINGS = YES;
				SWIFT_VERSION = 5.0;
				TARGETED_DEVICE_FAMILY = "1,2";
			};
			name = Debug;
		};
		63D2F550289B7570009C3EC2 /* Release */ = {
			isa = XCBuildConfiguration;
			buildSettings = {
				ASSETCATALOG_COMPILER_APPICON_NAME = AppIcon;
				ASSETCATALOG_COMPILER_GLOBAL_ACCENT_COLOR_NAME = AccentColor;
				CODE_SIGN_STYLE = Automatic;
				CURRENT_PROJECT_VERSION = 1;
				DEVELOPMENT_TEAM = JJYZW38GT4;
				GENERATE_INFOPLIST_FILE = YES;
				INFOPLIST_FILE = Millionaire/Info.plist;
				INFOPLIST_KEY_UIApplicationSupportsIndirectInputEvents = YES;
				INFOPLIST_KEY_UILaunchStoryboardName = LaunchScreen;
				INFOPLIST_KEY_UIMainStoryboardFile = Main;
				INFOPLIST_KEY_UISupportedInterfaceOrientations_iPad = "UIInterfaceOrientationPortrait UIInterfaceOrientationPortraitUpsideDown UIInterfaceOrientationLandscapeLeft UIInterfaceOrientationLandscapeRight";
				INFOPLIST_KEY_UISupportedInterfaceOrientations_iPhone = "UIInterfaceOrientationPortrait UIInterfaceOrientationLandscapeLeft UIInterfaceOrientationLandscapeRight";
				LD_RUNPATH_SEARCH_PATHS = (
					"$(inherited)",
					"@executable_path/Frameworks",
				);
				MARKETING_VERSION = 1.0;
				PRODUCT_BUNDLE_IDENTIFIER = konishchevIvan.Millionaire;
				PRODUCT_NAME = "$(TARGET_NAME)";
				SWIFT_EMIT_LOC_STRINGS = YES;
				SWIFT_VERSION = 5.0;
				TARGETED_DEVICE_FAMILY = "1,2";
			};
			name = Release;
		};
/* End XCBuildConfiguration section */

/* Begin XCConfigurationList section */
		63D2F535289B756C009C3EC2 /* Build configuration list for PBXProject "Millionaire" */ = {
			isa = XCConfigurationList;
			buildConfigurations = (
				63D2F54C289B7570009C3EC2 /* Debug */,
				63D2F54D289B7570009C3EC2 /* Release */,
			);
			defaultConfigurationIsVisible = 0;
			defaultConfigurationName = Release;
		};
		63D2F54E289B7570009C3EC2 /* Build configuration list for PBXNativeTarget "Millionaire" */ = {
			isa = XCConfigurationList;
			buildConfigurations = (
				63D2F54F289B7570009C3EC2 /* Debug */,
				63D2F550289B7570009C3EC2 /* Release */,
			);
			defaultConfigurationIsVisible = 0;
			defaultConfigurationName = Release;
		};
/* End XCConfigurationList section */
	};
	rootObject = 63D2F532289B756C009C3EC2 /* Project object */;
}
